
Microsoft Visual Studio Solution File, Format Version 12.00
# Visual Studio Version 17
VisualStudioVersion = 17.4.33103.184
MinimumVisualStudioVersion = 10.0.40219.1
Project("{FAE04EC0-301F-11D3-BF4B-00C04F79EFBC}") = "MobxForCSharp", "MobxForCSharp\MobxForCSharp.csproj", "{15C9CF5A-4A21-43AC-9A45-0EA2FCDE3E7D}"
EndProject
Project("{FAE04EC0-301F-11D3-BF4B-00C04F79EFBC}") = "Test", "Test\Test.csproj", "{C50EC5A2-FD10-4C00-9717-2ADEEDAA8917}"
	ProjectSection(ProjectDependencies) = postProject
		{15C9CF5A-4A21-43AC-9A45-0EA2FCDE3E7D} = {15C9CF5A-4A21-43AC-9A45-0EA2FCDE3E7D}
	EndProjectSection
EndProject
Global
	GlobalSection(SolutionConfigurationPlatforms) = preSolution
		Debug|Any CPU = Debug|Any CPU
		Release|Any CPU = Release|Any CPU
	EndGlobalSection
	GlobalSection(ProjectConfigurationPlatforms) = postSolution
		{15C9CF5A-4A21-43AC-9A45-0EA2FCDE3E7D}.Debug|Any CPU.ActiveCfg = Debug|Any CPU
		{15C9CF5A-4A21-43AC-9A45-0EA2FCDE3E7D}.Debug|Any CPU.Build.0 = Debug|Any CPU
		{15C9CF5A-4A21-43AC-9A45-0EA2FCDE3E7D}.Release|Any CPU.ActiveCfg = Release|Any CPU
		{15C9CF5A-4A21-43AC-9A45-0EA2FCDE3E7D}.Release|Any CPU.Build.0 = Release|Any CPU
		{C50EC5A2-FD10-4C00-9717-2ADEEDAA8917}.Debug|Any CPU.ActiveCfg = Debug|Any CPU
		{C50EC5A2-FD10-4C00-9717-2ADEEDAA8917}.Debug|Any CPU.Build.0 = Debug|Any CPU
		{C50EC5A2-FD10-4C00-9717-2ADEEDAA8917}.Release|Any CPU.ActiveCfg = Release|Any CPU
		{C50EC5A2-FD10-4C00-9717-2ADEEDAA8917}.Release|Any CPU.Build.0 = Release|Any CPU
	EndGlobalSection
	GlobalSection(SolutionProperties) = preSolution
		HideSolutionNode = FALSE
	EndGlobalSection
	GlobalSection(ExtensibilityGlobals) = postSolution
		SolutionGuid = {6810C053-8B8F-4569-ACF9-C829C2905D32}
	EndGlobalSection
EndGlobal
